Microsoft Visual Studio Solution File, Format Version 12.00
# Visual Studio Version 17
VisualStudioVersion = 17.5.2.0
MinimumVisualStudioVersion = 10.0.40219.1
Project("{FAE04EC0-301F-11D3-BF4B-00C04F79EFBC}") = "MLRealise", "MLRealise.csproj", "{527CFE41-E4F6-E807-6154-05109B73F359}"
EndProject
Global
	GlobalSection(SolutionConfigurationPlatforms) = preSolution
		Debug|Any CPU = Debug|Any CPU
		Release|Any CPU = Release|Any CPU
	EndGlobalSection
	GlobalSection(ProjectConfigurationPlatforms) = postSolution
		{527CFE41-E4F6-E807-6154-05109B73F359}.Debug|Any CPU.ActiveCfg = Debug|Any CPU
		{527CFE41-E4F6-E807-6154-05109B73F359}.Debug|Any CPU.Build.0 = Debug|Any CPU
		{527CFE41-E4F6-E807-6154-05109B73F359}.Release|Any CPU.ActiveCfg = Release|Any CPU
		{527CFE41-E4F6-E807-6154-05109B73F359}.Release|Any CPU.Build.0 = Release|Any CPU
	EndGlobalSection
	GlobalSection(SolutionProperties) = preSolution
		HideSolutionNode = FALSE
	EndGlobalSection
	GlobalSection(ExtensibilityGlobals) = postSolution
		SolutionGuid = {3D9390AB-BF79-4097-9668-A470B5998984}
	EndGlobalSection
EndGlobal
